
Microsoft Visual Studio Solution File, Format Version 12.00
# Visual Studio 15
VisualStudioVersion = 15.0.28307.1062
MinimumVisualStudioVersion = 10.0.40219.1
Project("{8BC9CEB8-8B4A-11D0-8D11-00A0C91BC942}") = "0323_2", "0323_2\0323_2.vcxproj", "{7EB47746-0E0C-4BFC-B84A-6E7C6963CF4E}"
EndProject
Global
	GlobalSection(SolutionConfigurationPlatforms) = preSolution
		Debug|x64 = Debug|x64
		Debug|x86 = Debug|x86
		Release|x64 = Release|x64
		Release|x86 = Release|x86
	EndGlobalSection
	GlobalSection(ProjectConfigurationPlatforms) = postSolution
		{7EB47746-0E0C-4BFC-B84A-6E7C6963CF4E}.Debug|x64.ActiveCfg = Debug|x64
		{7EB47746-0E0C-4BFC-B84A-6E7C6963CF4E}.Debug|x64.Build.0 = Debug|x64
		{7EB47746-0E0C-4BFC-B84A-6E7C6963CF4E}.Debug|x86.ActiveCfg = Debug|Win32
		{7EB47746-0E0C-4BFC-B84A-6E7C6963CF4E}.Debug|x86.Build.0 = Debug|Win32
		{7EB47746-0E0C-4BFC-B84A-6E7C6963CF4E}.Release|x64.ActiveCfg = Release|x64
		{7EB47746-0E0C-4BFC-B84A-6E7C6963CF4E}.Release|x64.Build.0 = Release|x64
		{7EB47746-0E0C-4BFC-B84A-6E7C6963CF4E}.Release|x86.ActiveCfg = Release|Win32
		{7EB47746-0E0C-4BFC-B84A-6E7C6963CF4E}.Release|x86.Build.0 = Release|Win32
	EndGlobalSection
	GlobalSection(SolutionProperties) = preSolution
		HideSolutionNode = FALSE
	EndGlobalSection
	GlobalSection(ExtensibilityGlobals) = postSolution
		SolutionGuid = {8E7770B6-103D-4B0A-A47F-C9817BB196F3}
	EndGlobalSection
EndGlobal
