
Microsoft Visual Studio Solution File, Format Version 12.00
# Visual Studio 15
VisualStudioVersion = 15.0.28307.1062
MinimumVisualStudioVersion = 10.0.40219.1
Project("{8BC9CEB8-8B4A-11D0-8D11-00A0C91BC942}") = "0317_2", "0317_2\0317_2.vcxproj", "{338E43EE-646A-4738-B1AF-432DEDDE789F}"
EndProject
Global
	GlobalSection(SolutionConfigurationPlatforms) = preSolution
		Debug|x64 = Debug|x64
		Debug|x86 = Debug|x86
		Release|x64 = Release|x64
		Release|x86 = Release|x86
	EndGlobalSection
	GlobalSection(ProjectConfigurationPlatforms) = postSolution
		{338E43EE-646A-4738-B1AF-432DEDDE789F}.Debug|x64.ActiveCfg = Debug|x64
		{338E43EE-646A-4738-B1AF-432DEDDE789F}.Debug|x64.Build.0 = Debug|x64
		{338E43EE-646A-4738-B1AF-432DEDDE789F}.Debug|x86.ActiveCfg = Debug|Win32
		{338E43EE-646A-4738-B1AF-432DEDDE789F}.Debug|x86.Build.0 = Debug|Win32
		{338E43EE-646A-4738-B1AF-432DEDDE789F}.Release|x64.ActiveCfg = Release|x64
		{338E43EE-646A-4738-B1AF-432DEDDE789F}.Release|x64.Build.0 = Release|x64
		{338E43EE-646A-4738-B1AF-432DEDDE789F}.Release|x86.ActiveCfg = Release|Win32
		{338E43EE-646A-4738-B1AF-432DEDDE789F}.Release|x86.Build.0 = Release|Win32
	EndGlobalSection
	GlobalSection(SolutionProperties) = preSolution
		HideSolutionNode = FALSE
	EndGlobalSection
	GlobalSection(ExtensibilityGlobals) = postSolution
		SolutionGuid = {8E75EF6D-4F96-4021-B318-9B4CE0513742}
	EndGlobalSection
EndGlobal
